// !$*UTF8*$!
{
	archiveVersion = 1;
	classes = {
	};
	objectVersion = 77;
	objects = {

/* Begin PBXContainerItemProxy section */
		5CDF4C5E300238CD00CC23C1 /* PBXContainerItemProxy */ = {
			isa = PBXContainerItemProxy;
			containerPortal = 5CDF4C48300238CB00CC23C1 /* Project object */;
			proxyType = 1;
			remoteGlobalIDString = 5CDF4C4F300238CB00CC23C1;
			remoteInfo = OopsieDaisy;
		};
		5CDF4C68300238CD00CC23C1 /* PBXContainerItemProxy */ = {
			isa = PBXContainerItemProxy;
			containerPortal = 5CDF4C48300238CB00CC23C1 /* Project object */;
			proxyType = 1;
			remoteGlobalIDString = 5CDF4C4F300238CB00CC23C1;
			remoteInfo = OopsieDaisy;
		};
/* End PBXContainerItemProxy section */

/* Begin PBXFileReference section */
		5CDF4C50300238CB00CC23C1 /* OopsieDaisy.app */ = {isa = PBXFileReference; explicitFileType = wrapper.application; includeInIndex = 0; path = OopsieDaisy.app; sourceTree = BUILT_PRODUCTS_DIR; };
		5CDF4C5D300238CD00CC23C1 /* OopsieDaisyTests.xctest */ = {isa = PBXFileReference; explicitFileType = wrapper.cfbundle; includeInIndex = 0; path = OopsieDaisyTests.xctest; sourceTree = BUILT_PRODUCTS_DIR; };
		5CDF4C67300238CD00CC23C1 /* OopsieDaisyUITests.xctest */ = {isa = PBXFileReference; explicitFileType = wrapper.cfbundle; includeInIndex = 0; path = OopsieDaisyUITests.xctest; sourceTree = BUILT_PRODUCTS_DIR; };
/* End PBXFileReference section */

/* Begin PBXFileSystemSynchronizedRootGroup section */
		5CDF4C52300238CB00CC23C1 /* OopsieDaisy */ = {
			isa = PBXFileSystemSynchronizedRootGroup;
			path = OopsieDaisy;
			sourceTree = "<group>";
		};
		5CDF4C60300238CD00CC23C1 /* OopsieDaisyTests */ = {
			isa = PBXFileSystemSynchronizedRootGroup;
			path = OopsieDaisyTests;
			sourceTree = "<group>";
		};
		5CDF4C6A300238CD00CC23C1 /* OopsieDaisyUITests */ = {
			isa = PBXFileSystemSynchronizedRootGroup;
			path = OopsieDaisyUITests;
			sourceTree = "<group>";
		};
/* End PBXFileSystemSynchronizedRootGroup section */

/* Begin PBXFrameworksBuildPhase section */
		5CDF4C4D300238CB00CC23C1 /* Frameworks */ = {
			isa = PBXFrameworksBuildPhase;
			buildActionMask = 2147483647;
			files = (
			);
			runOnlyForDeploymentPostprocessing = 0;
		};
		5CDF4C5A300238CD00CC23C1 /* Frameworks */ = {
			isa = PBXFrameworksBuildPhase;
			buildActionMask = 2147483647;
			files = (
			);
			runOnlyForDeploymentPostprocessing = 0;
		};
		5CDF4C64300238CD00CC23C1 /* Frameworks */ = {
			isa = PBXFrameworksBuildPhase;
			buildActionMask = 2147483647;
			files = (
			);
			runOnlyForDeploymentPostprocessing = 0;
		};
/* End PBXFrameworksBuildPhase section */

/* Begin PBXGroup section */
		5CDF4C47300238CB00CC23C1 = {
			isa = PBXGroup;
			children = (
				5CDF4C52300238CB00CC23C1 /* OopsieDaisy */,
				5CDF4C60300238CD00CC23C1 /* OopsieDaisyTests */,
				5CDF4C6A300238CD00CC23C1 /* OopsieDaisyUITests */,
				5CDF4C51300238CB00CC23C1 /* Products */,
			);
			sourceTree = "<group>";
		};
		5CDF4C51300238CB00CC23C1 /* Products */ = {
			isa = PBXGroup;
			children = (
				5CDF4C50300238CB00CC23C1 /* OopsieDaisy.app */,
				5CDF4C5D300238CD00CC23C1 /* OopsieDaisyTests.xctest */,
				5CDF4C67300238CD00CC23C1 /* OopsieDaisyUITests.xctest */,
			);
			name = Products;
			sourceTree = "<group>";
		};
/* End PBXGroup section */

/* Begin PBXNativeTarget section */
		5CDF4C4F300238CB00CC23C1 /* OopsieDaisy */ = {
			isa = PBXNativeTarget;
			buildConfigurationList = 5CDF4C71300238CD00CC23C1 /* Build configuration list for PBXNativeTarget "OopsieDaisy" */;
			buildPhases = (
				5CDF4C4C300238CB00CC23C1 /* Sources */,
				5CDF4C4D300238CB00CC23C1 /* Frameworks */,
				5CDF4C4E300238CB00CC23C1 /* Resources */,
			);
			buildRules = (
			);
			dependencies = (
			);
			fileSystemSynchronizedGroups = (
				5CDF4C52300238CB00CC23C1 /* OopsieDaisy */,
			);
			name = OopsieDaisy;
			packageProductDependencies = (
			);
			productName = OopsieDaisy;
			productReference = 5CDF4C50300238CB00CC23C1 /* OopsieDaisy.app */;
			productType = "com.apple.product-type.application";
		};
		5CDF4C5C300238CD00CC23C1 /* OopsieDaisyTests */ = {
			isa = PBXNativeTarget;
			buildConfigurationList = 5CDF4C74300238CD00CC23C1 /* Build configuration list for PBXNativeTarget "OopsieDaisyTests" */;
			buildPhases = (
				5CDF4C59300238CD00CC23C1 /* Sources */,
				5CDF4C5A300238CD00CC23C1 /* Frameworks */,
				5CDF4C5B300238CD00CC23C1 /* Resources */,
			);
			buildRules = (
			);
			dependencies = (
				5CDF4C5F300238CD00CC23C1 /* PBXTargetDependency */,
			);
			fileSystemSynchronizedGroups = (
				5CDF4C60300238CD00CC23C1 /* OopsieDaisyTests */,
			);
			name = OopsieDaisyTests;
			packageProductDependencies = (
			);
			productName = OopsieDaisyTests;
			productReference = 5CDF4C5D300238CD00CC23C1 /* OopsieDaisyTests.xctest */;
			productType = "com.apple.product-type.bundle.unit-test";
		};
		5CDF4C66300238CD00CC23C1 /* OopsieDaisyUITests */ = {
			isa = PBXNativeTarget;
			buildConfigurationList = 5CDF4C77300238CD00CC23C1 /* Build configuration list for PBXNativeTarget "OopsieDaisyUITests" */;
			buildPhases = (
				5CDF4C63300238CD00CC23C1 /* Sources */,
				5CDF4C64300238CD00CC23C1 /* Frameworks */,
				5CDF4C65300238CD00CC23C1 /* Resources */,
			);
			buildRules = (
			);
			dependencies = (
				5CDF4C69300238CD00CC23C1 /* PBXTargetDependency */,
			);
			fileSystemSynchronizedGroups = (
				5CDF4C6A300238CD00CC23C1 /* OopsieDaisyUITests */,
			);
			name = OopsieDaisyUITests;
			packageProductDependencies = (
			);
			productName = OopsieDaisyUITests;
			productReference = 5CDF4C67300238CD00CC23C1 /* OopsieDaisyUITests.xctest */;
			productType = "com.apple.product-type.bundle.ui-testing";
		};
/* End PBXNativeTarget section */

/* Begin PBXProject section */
		5CDF4C48300238CB00CC23C1 /* Project object */ = {
			isa = PBXProject;
			attributes = {
				BuildIndependentTargetsInParallel = 1;
				LastSwiftUpdateCheck = 2620;
				LastUpgradeCheck = 2620;
				TargetAttributes = {
					5CDF4C4F300238CB00CC23C1 = {
						CreatedOnToolsVersion = 26.2;
					};
					5CDF4C5C300238CD00CC23C1 = {
						CreatedOnToolsVersion = 26.2;
						TestTargetID = 5CDF4C4F300238CB00CC23C1;
					};
					5CDF4C66300238CD00CC23C1 = {
						CreatedOnToolsVersion = 26.2;
						TestTargetID = 5CDF4C4F300238CB00CC23C1;
					};
				};
			};
			buildConfigurationList = 5CDF4C4B300238CB00CC23C1 /* Build configuration list for PBXProject "OopsieDaisy" */;
			developmentRegion = en;
			hasScannedForEncodings = 0;
			knownRegions = (
				en,
				Base,
			);
			mainGroup = 5CDF4C47300238CB00CC23C1;
			minimizedProjectReferenceProxies = 1;
			preferredProjectObjectVersion = 77;
			productRefGroup = 5CDF4C51300238CB00CC23C1 /* Products */;
			projectDirPath = "";
			projectRoot = "";
			targets = (
				5CDF4C4F300238CB00CC23C1 /* OopsieDaisy */,
				5CDF4C5C300238CD00CC23C1 /* OopsieDaisyTests */,
				5CDF4C66300238CD00CC23C1 /* OopsieDaisyUITests */,
			);
		};
/* End PBXProject section */

/* Begin PBXResourcesBuildPhase section */
		5CDF4C4E300238CB00CC23C1 /* Resources */ = {
			isa = PBXResourcesBuildPhase;
			buildActionMask = 2147483647;
			files = (
			);
			runOnlyForDeploymentPostprocessing = 0;
		};
		5CDF4C5B300238CD00CC23C1 /* Resources */ = {
			isa = PBXResourcesBuildPhase;
			buildActionMask = 2147483647;
			files = (
			);
			runOnlyForDeploymentPostprocessing = 0;
		};
		5CDF4C65300238CD00CC23C1 /* Resources */ = {
			isa = PBXResourcesBuildPhase;
			buildActionMask = 2147483647;
			files = (
			);
			runOnlyForDeploymentPostprocessing = 0;
		};
/* End PBXResourcesBuildPhase section */

/* Begin PBXSourcesBuildPhase section */
		5CDF4C4C300238CB00CC23C1 /* Sources */ = {
			isa = PBXSourcesBuildPhase;
			buildActionMask = 2147483647;
			files = (
			);
			runOnlyForDeploymentPostprocessing = 0;
		};
		5CDF4C59300238CD00CC23C1 /* Sources */ = {
			isa = PBXSourcesBuildPhase;
			buildActionMask = 2147483647;
			files = (
			);
			runOnlyForDeploymentPostprocessing = 0;
		};
		5CDF4C63300238CD00CC23C1 /* Sources */ = {
			isa = PBXSourcesBuildPhase;
			buildActionMask = 2147483647;
			files = (
			);
			runOnlyForDeploymentPostprocessing = 0;
		};
/* End PBXSourcesBuildPhase section */

/* Begin PBXTargetDependency section */
		5CDF4C5F300238CD00CC23C1 /* PBXTargetDependency */ = {
			isa = PBXTargetDependency;
			target = 5CDF4C4F300238CB00CC23C1 /* OopsieDaisy */;
			targetProxy = 5CDF4C5E300238CD00CC23C1 /* PBXContainerItemProxy */;
		};
		5CDF4C69300238CD00CC23C1 /* PBXTargetDependency */ = {
			isa = PBXTargetDependency;
			target = 5CDF4C4F300238CB00CC23C1 /* OopsieDaisy */;
			targetProxy = 5CDF4C68300238CD00CC23C1 /* PBXContainerItemProxy */;
		};
/* End PBXTargetDependency section */

/* Begin XCBuildConfiguration section */
		5CDF4C6F300238CD00CC23C1 /* Debug */ = {
			isa = XCBuildConfiguration;
			buildSettings = {
				ALWAYS_SEARCH_USER_PATHS = NO;
				ASSETCATALOG_COMPILER_GENERATE_SWIFT_ASSET_SYMBOL_EXTENSIONS = YES;
				CLANG_ANALYZER_NONNULL = YES;
				CLANG_ANALYZER_NUMBER_OBJECT_CONVERSION = YES_AGGRESSIVE;
				CLANG_CXX_LANGUAGE_STANDARD = "gnu++20";
				CLANG_ENABLE_MODULES = YES;
				CLANG_ENABLE_OBJC_ARC = YES;
				CLANG_ENABLE_OBJC_WEAK = YES;
				CLANG_WARN_BLOCK_CAPTURE_AUTORELEASING = YES;
				CLANG_WARN_BOOL_CONVERSION = YES;
				CLANG_WARN_COMMA = YES;
				CLANG_WARN_CONSTANT_CONVERSION = YES;
				CLANG_WARN_DEPRECATED_OBJC_IMPLEMENTATIONS = YES;
				CLANG_WARN_DIRECT_OBJC_ISA_USAGE = YES_ERROR;
				CLANG_WARN_DOCUMENTATION_COMMENTS = YES;
				CLANG_WARN_EMPTY_BODY = YES;
				CLANG_WARN_ENUM_CONVERSION = YES;
				CLANG_WARN_INFINITE_RECURSION = YES;
				CLANG_WARN_INT_CONVERSION = YES;
				CLANG_WARN_NON_LITERAL_NULL_CONVERSION = YES;
				CLANG_WARN_OBJC_IMPLICIT_RETAIN_SELF = YES;
				CLANG_WARN_OBJC_LITERAL_CONVERSION = YES;
				CLANG_WARN_OBJC_ROOT_CLASS = YES_ERROR;
				CLANG_WARN_QUOTED_INCLUDE_IN_FRAMEWORK_HEADER = YES;
				CLANG_WARN_RANGE_LOOP_ANALYSIS = YES;
				CLANG_WARN_STRICT_PROTOTYPES = YES;
				CLANG_WARN_SUSPICIOUS_MOVE = YES;
				CLANG_WARN_UNGUARDED_AVAILABILITY = YES_AGGRESSIVE;
				CLANG_WARN_UNREACHABLE_CODE = YES;
				CLANG_WARN__DUPLICATE_METHOD_MATCH = YES;
				COPY_PHASE_STRIP = NO;
				DEBUG_INFORMATION_FORMAT = dwarf;
				DEVELOPMENT_TEAM = MNQ98H9YXE;
				ENABLE_STRICT_OBJC_MSGSEND = YES;
				ENABLE_TESTABILITY = YES;
				ENABLE_USER_SCRIPT_SANDBOXING = YES;
				GCC_C_LANGUAGE_STANDARD = gnu17;
				GCC_DYNAMIC_NO_PIC = NO;
				GCC_NO_COMMON_BLOCKS = YES;
				GCC_OPTIMIZATION_LEVEL = 0;
				GCC_PREPROCESSOR_DEFINITIONS = (
					"DEBUG=1",
					"$(inherited)",
				);
				GCC_WARN_64_TO_32_BIT_CONVERSION = YES;
				GCC_WARN_ABOUT_RETURN_TYPE = YES_ERROR;
				GCC_WARN_UNDECLARED_SELECTOR = YES;
				GCC_WARN_UNINITIALIZED_AUTOS = YES_AGGRESSIVE;
				GCC_WARN_UNUSED_FUNCTION = YES;
				GCC_WARN_UNUSED_VARIABLE = YES;
				LOCALIZATION_PREFERS_STRING_CATALOGS = YES;
				MACOSX_DEPLOYMENT_TARGET = 26.1;
				MTL_ENABLE_DEBUG_INFO = INCLUDE_SOURCE;
				MTL_FAST_MATH = YES;
				ONLY_ACTIVE_ARCH = YES;
				SDKROOT = macosx;
				SWIFT_ACTIVE_COMPILATION_CONDITIONS = "DEBUG $(inherited)";
				SWIFT_OPTIMIZATION_LEVEL = "-Onone";
			};
			name = Debug;
		};
		5CDF4C70300238CD00CC23C1 /* Release */ = {
			isa = XCBuildConfiguration;
			buildSettings = {
				ALWAYS_SEARCH_USER_PATHS = NO;
				ASSETCATALOG_COMPILER_GENERATE_SWIFT_ASSET_SYMBOL_EXTENSIONS = YES;
				CLANG_ANALYZER_NONNULL = YES;
				CLANG_ANALYZER_NUMBER_OBJECT_CONVERSION = YES_AGGRESSIVE;
				CLANG_CXX_LANGUAGE_STANDARD = "gnu++20";
				CLANG_ENABLE_MODULES = YES;
				CLANG_ENABLE_OBJC_ARC = YES;
				CLANG_ENABLE_OBJC_WEAK = YES;
				CLANG_WARN_BLOCK_CAPTURE_AUTORELEASING = YES;
				CLANG_WARN_BOOL_CONVERSION = YES;
				CLANG_WARN_COMMA = YES;
				CLANG_WARN_CONSTANT_CONVERSION = YES;
				CLANG_WARN_DEPRECATED_OBJC_IMPLEMENTATIONS = YES;
				CLANG_WARN_DIRECT_OBJC_ISA_USAGE = YES_ERROR;
				CLANG_WARN_DOCUMENTATION_COMMENTS = YES;
				CLANG_WARN_EMPTY_BODY = YES;
				CLANG_WARN_ENUM_CONVERSION = YES;
				CLANG_WARN_INFINITE_RECURSION = YES;
				CLANG_WARN_INT_CONVERSION = YES;
				CLANG_WARN_NON_LITERAL_NULL_CONVERSION = YES;
				CLANG_WARN_OBJC_IMPLICIT_RETAIN_SELF = YES;
				CLANG_WARN_OBJC_LITERAL_CONVERSION = YES;
				CLANG_WARN_OBJC_ROOT_CLASS = YES_ERROR;
				CLANG_WARN_QUOTED_INCLUDE_IN_FRAMEWORK_HEADER = YES;
				CLANG_WARN_RANGE_LOOP_ANALYSIS = YES;
				CLANG_WARN_STRICT_PROTOTYPES = YES;
				CLANG_WARN_SUSPICIOUS_MOVE = YES;
				CLANG_WARN_UNGUARDED_AVAILABILITY = YES_AGGRESSIVE;
				CLANG_WARN_UNREACHABLE_CODE = YES;
				CLANG_WARN__DUPLICATE_METHOD_MATCH = YES;
				COPY_PHASE_STRIP = NO;
				DEBUG_INFORMATION_FORMAT = "dwarf-with-dsym";
				DEVELOPMENT_TEAM = MNQ98H9YXE;
				ENABLE_NS_ASSERTIONS = NO;
				ENABLE_STRICT_OBJC_MSGSEND = YES;
				ENABLE_USER_SCRIPT_SANDBOXING = YES;
				GCC_C_LANGUAGE_STANDARD = gnu17;
				GCC_NO_COMMON_BLOCKS = YES;
				GCC_WARN_64_TO_32_BIT_CONVERSION = YES;
				GCC_WARN_ABOUT_RETURN_TYPE = YES_ERROR;
				GCC_WARN_UNDECLARED_SELECTOR = YES;
				GCC_WARN_UNINITIALIZED_AUTOS = YES_AGGRESSIVE;
				GCC_WARN_UNUSED_FUNCTION = YES;
				GCC_WARN_UNUSED_VARIABLE = YES;
				LOCALIZATION_PREFERS_STRING_CATALOGS = YES;
				MACOSX_DEPLOYMENT_TARGET = 26.1;
				MTL_ENABLE_DEBUG_INFO = NO;
				MTL_FAST_MATH = YES;
				SDKROOT = macosx;
				SWIFT_COMPILATION_MODE = wholemodule;
			};
			name = Release;
		};
		5CDF4C72300238CD00CC23C1 /* Debug */ = {
			isa = XCBuildConfiguration;
			buildSettings = {
				ASSETCATALOG_COMPILER_APPICON_NAME = AppIcon;
				ASSETCATALOG_COMPILER_GLOBAL_ACCENT_COLOR_NAME = AccentColor;
				CODE_SIGN_STYLE = Automatic;
				COMBINE_HIDPI_IMAGES = YES;
				CURRENT_PROJECT_VERSION = 2;
				DEVELOPMENT_TEAM = MNQ98H9YXE;
				ENABLE_APP_SANDBOX = NO;
				ENABLE_HARDENED_RUNTIME = YES;
				ENABLE_PREVIEWS = YES;
				GENERATE_INFOPLIST_FILE = YES;
				INFOPLIST_KEY_LSUIElement = YES;
				INFOPLIST_KEY_NSHumanReadableCopyright = "";
				LD_RUNPATH_SEARCH_PATHS = (
					"$(inherited)",
					"@executable_path/../Frameworks",
				);
				MARKETING_VERSION = 1.1;
				PRODUCT_BUNDLE_IDENTIFIER = com.oleksandryolkin.OopsieDaisy;
				PRODUCT_NAME = "$(TARGET_NAME)";
				STRING_CATALOG_GENERATE_SYMBOLS = YES;
				SWIFT_APPROACHABLE_CONCURRENCY = YES;
				SWIFT_DEFAULT_ACTOR_ISOLATION = MainActor;
				SWIFT_EMIT_LOC_STRINGS = YES;
				SWIFT_UPCOMING_FEATURE_MEMBER_IMPORT_VISIBILITY = YES;
				SWIFT_VERSION = 5.0;
			};
			name = Debug;
		};
		5CDF4C73300238CD00CC23C1 /* Release */ = {
			isa = XCBuildConfiguration;
			buildSettings = {
				ASSETCATALOG_COMPILER_APPICON_NAME = AppIcon;
				ASSETCATALOG_COMPILER_GLOBAL_ACCENT_COLOR_NAME = AccentColor;
				CODE_SIGN_STYLE = Automatic;
				COMBINE_HIDPI_IMAGES = YES;
				CURRENT_PROJECT_VERSION = 2;
				DEVELOPMENT_TEAM = MNQ98H9YXE;
				ENABLE_APP_SANDBOX = NO;
				ENABLE_HARDENED_RUNTIME = YES;
				ENABLE_PREVIEWS = YES;
				GENERATE_INFOPLIST_FILE = YES;
				INFOPLIST_KEY_LSUIElement = YES;
				INFOPLIST_KEY_NSHumanReadableCopyright = "";
				LD_RUNPATH_SEARCH_PATHS = (
					"$(inherited)",
					"@executable_path/../Frameworks",
				);
				MARKETING_VERSION = 1.1;
				PRODUCT_BUNDLE_IDENTIFIER = com.oleksandryolkin.OopsieDaisy;
				PRODUCT_NAME = "$(TARGET_NAME)";
				STRING_CATALOG_GENERATE_SYMBOLS = YES;
				SWIFT_APPROACHABLE_CONCURRENCY = YES;
				SWIFT_DEFAULT_ACTOR_ISOLATION = MainActor;
				SWIFT_EMIT_LOC_STRINGS = YES;
				SWIFT_UPCOMING_FEATURE_MEMBER_IMPORT_VISIBILITY = YES;
				SWIFT_VERSION = 5.0;
			};
			name = Release;
		};
		5CDF4C75300238CD00CC23C1 /* Debug */ = {
			isa = XCBuildConfiguration;
			buildSettings = {
				BUNDLE_LOADER = "$(TEST_HOST)";
				CODE_SIGN_STYLE = Automatic;
				CURRENT_PROJECT_VERSION = 2;
				DEVELOPMENT_TEAM = MNQ98H9YXE;
				GENERATE_INFOPLIST_FILE = YES;
				MACOSX_DEPLOYMENT_TARGET = 26.1;
				MARKETING_VERSION = 1.1;
				PRODUCT_BUNDLE_IDENTIFIER = com.oleksandryolkin.OopsieDaisyTests;
				PRODUCT_NAME = "$(TARGET_NAME)";
				STRING_CATALOG_GENERATE_SYMBOLS = NO;
				SWIFT_APPROACHABLE_CONCURRENCY = YES;
				SWIFT_EMIT_LOC_STRINGS = NO;
				SWIFT_UPCOMING_FEATURE_MEMBER_IMPORT_VISIBILITY = YES;
				SWIFT_VERSION = 5.0;
				TEST_HOST = "$(BUILT_PRODUCTS_DIR)/OopsieDaisy.app/$(BUNDLE_EXECUTABLE_FOLDER_PATH)/OopsieDaisy";
			};
			name = Debug;
		};
		5CDF4C76300238CD00CC23C1 /* Release */ = {
			isa = XCBuildConfiguration;
			buildSettings = {
				BUNDLE_LOADER = "$(TEST_HOST)";
				CODE_SIGN_STYLE = Automatic;
				CURRENT_PROJECT_VERSION = 2;
				DEVELOPMENT_TEAM = MNQ98H9YXE;
				GENERATE_INFOPLIST_FILE = YES;
				MACOSX_DEPLOYMENT_TARGET = 26.1;
				MARKETING_VERSION = 1.1;
				PRODUCT_BUNDLE_IDENTIFIER = com.oleksandryolkin.OopsieDaisyTests;
				PRODUCT_NAME = "$(TARGET_NAME)";
				STRING_CATALOG_GENERATE_SYMBOLS = NO;
				SWIFT_APPROACHABLE_CONCURRENCY = YES;
				SWIFT_EMIT_LOC_STRINGS = NO;
				SWIFT_UPCOMING_FEATURE_MEMBER_IMPORT_VISIBILITY = YES;
				SWIFT_VERSION = 5.0;
				TEST_HOST = "$(BUILT_PRODUCTS_DIR)/OopsieDaisy.app/$(BUNDLE_EXECUTABLE_FOLDER_PATH)/OopsieDaisy";
			};
			name = Release;
		};
		5CDF4C78300238CD00CC23C1 /* Debug */ = {
			isa = XCBuildConfiguration;
			buildSettings = {
				CODE_SIGN_STYLE = Automatic;
				CURRENT_PROJECT_VERSION = 2;
				DEVELOPMENT_TEAM = MNQ98H9YXE;
				GENERATE_INFOPLIST_FILE = YES;
				MARKETING_VERSION = 1.1;
				PRODUCT_BUNDLE_IDENTIFIER = com.oleksandryolkin.OopsieDaisyUITests;
				PRODUCT_NAME = "$(TARGET_NAME)";
				STRING_CATALOG_GENERATE_SYMBOLS = NO;
				SWIFT_APPROACHABLE_CONCURRENCY = YES;
				SWIFT_EMIT_LOC_STRINGS = NO;
				SWIFT_UPCOMING_FEATURE_MEMBER_IMPORT_VISIBILITY = YES;
				SWIFT_VERSION = 5.0;
				TEST_TARGET_NAME = OopsieDaisy;
			};
			name = Debug;
		};
		5CDF4C79300238CD00CC23C1 /* Release */ = {
			isa = XCBuildConfiguration;
			buildSettings = {
				CODE_SIGN_STYLE = Automatic;
				CURRENT_PROJECT_VERSION = 2;
				DEVELOPMENT_TEAM = MNQ98H9YXE;
				GENERATE_INFOPLIST_FILE = YES;
				MARKETING_VERSION = 1.1;
				PRODUCT_BUNDLE_IDENTIFIER = com.oleksandryolkin.OopsieDaisyUITests;
				PRODUCT_NAME = "$(TARGET_NAME)";
				STRING_CATALOG_GENERATE_SYMBOLS = NO;
				SWIFT_APPROACHABLE_CONCURRENCY = YES;
				SWIFT_EMIT_LOC_STRINGS = NO;
				SWIFT_UPCOMING_FEATURE_MEMBER_IMPORT_VISIBILITY = YES;
				SWIFT_VERSION = 5.0;
				TEST_TARGET_NAME = OopsieDaisy;
			};
			name = Release;
		};
/* End XCBuildConfiguration section */

/* Begin XCConfigurationList section */
		5CDF4C4B300238CB00CC23C1 /* Build configuration list for PBXProject "OopsieDaisy" */ = {
			isa = XCConfigurationList;
			buildConfigurations = (
				5CDF4C6F300238CD00CC23C1 /* Debug */,
				5CDF4C70300238CD00CC23C1 /* Release */,
			);
			defaultConfigurationIsVisible = 0;
			defaultConfigurationName = Release;
		};
		5CDF4C71300238CD00CC23C1 /* Build configuration list for PBXNativeTarget "OopsieDaisy" */ = {
			isa = XCConfigurationList;
			buildConfigurations = (
				5CDF4C72300238CD00CC23C1 /* Debug */,
				5CDF4C73300238CD00CC23C1 /* Release */,
			);
			defaultConfigurationIsVisible = 0;
			defaultConfigurationName = Release;
		};
		5CDF4C74300238CD00CC23C1 /* Build configuration list for PBXNativeTarget "OopsieDaisyTests" */ = {
			isa = XCConfigurationList;
			buildConfigurations = (
				5CDF4C75300238CD00CC23C1 /* Debug */,
				5CDF4C76300238CD00CC23C1 /* Release */,
			);
			defaultConfigurationIsVisible = 0;
			defaultConfigurationName = Release;
		};
		5CDF4C77300238CD00CC23C1 /* Build configuration list for PBXNativeTarget "OopsieDaisyUITests" */ = {
			isa = XCConfigurationList;
			buildConfigurations = (
				5CDF4C78300238CD00CC23C1 /* Debug */,
				5CDF4C79300238CD00CC23C1 /* Release */,
			);
			defaultConfigurationIsVisible = 0;
			defaultConfigurationName = Release;
		};
/* End XCConfigurationList section */
	};
	rootObject = 5CDF4C48300238CB00CC23C1 /* Project object */;
}
